# THIS IS AN AUTOGENERATED FILE. DO NOT EDIT THIS FILE DIRECTLY.
# yarn lockfile v1


"@ibm/plex@^1.0.1":
  version "1.0.1"
  resolved "https://registry.yarnpkg.com/@ibm/plex/-/plex-1.0.1.tgz#5bd7186bdf1c2daa491aa37a6e9a3e4e4a945d94"

foundation-sites@^6.3.1:
  version "6.3.1"
  resolved "https://registry.yarnpkg.com/foundation-sites/-/foundation-sites-6.3.1.tgz#23853372deb9480c13b426499eaf0c8f90cdbe1d"
  dependencies:
    jquery ">=2.2.0"
    what-input "^4.0.3"

jquery@>=2.2.0, jquery@^3.2.1:
  version "3.2.1"
  resolved "https://registry.yarnpkg.com/jquery/-/jquery-3.2.1.tgz#5c4d9de652af6cd0a770154a631bba12b015c787"

what-input@^4.0.3:
  version "4.1.1"
  resolved "https://registry.yarnpkg.com/what-input/-/what-input-4.1.1.tgz#475ef53c4503bd13ac145e38ed7105a67eb69d79"
